
Microsoft Visual Studio Solution File, Format Version 12.00
# Visual Studio Version 17
VisualStudioVersion = 17.14.36717.8 d17.14
MinimumVisualStudioVersion = 10.0.40219.1
Project("{FAE04EC0-301F-11D3-BF4B-00C04F79EFBC}") = "PolicyNotes", "PolicyNotes\PolicyNotes.csproj", "{BC03BDE6-E5E7-460C-80C2-BC9F9F397BA7}"
EndProject
Project("{FAE04EC0-301F-11D3-BF4B-00C04F79EFBC}") = "PolicyNotes.Tests", "PolicyNotes.Tests\PolicyNotes.Tests.csproj", "{43B093D6-5899-45EB-8010-94B5668B13E0}"
EndProject
Global
	GlobalSection(SolutionConfigurationPlatforms) = preSolution
		Debug|Any CPU = Debug|Any CPU
		Release|Any CPU = Release|Any CPU
	EndGlobalSection
	GlobalSection(ProjectConfigurationPlatforms) = postSolution
		{BC03BDE6-E5E7-460C-80C2-BC9F9F397BA7}.Debug|Any CPU.ActiveCfg = Debug|Any CPU
		{BC03BDE6-E5E7-460C-80C2-BC9F9F397BA7}.Debug|Any CPU.Build.0 = Debug|Any CPU
		{BC03BDE6-E5E7-460C-80C2-BC9F9F397BA7}.Release|Any CPU.ActiveCfg = Release|Any CPU
		{BC03BDE6-E5E7-460C-80C2-BC9F9F397BA7}.Release|Any CPU.Build.0 = Release|Any CPU
		{43B093D6-5899-45EB-8010-94B5668B13E0}.Debug|Any CPU.ActiveCfg = Debug|Any CPU
		{43B093D6-5899-45EB-8010-94B5668B13E0}.Debug|Any CPU.Build.0 = Debug|Any CPU
		{43B093D6-5899-45EB-8010-94B5668B13E0}.Release|Any CPU.ActiveCfg = Release|Any CPU
		{43B093D6-5899-45EB-8010-94B5668B13E0}.Release|Any CPU.Build.0 = Release|Any CPU
	EndGlobalSection
	GlobalSection(SolutionProperties) = preSolution
		HideSolutionNode = FALSE
	EndGlobalSection
	GlobalSection(ExtensibilityGlobals) = postSolution
		SolutionGuid = {78EBE07F-4CDE-42D5-B24C-42ACB1F645AA}
	EndGlobalSection
EndGlobal
